{
  "name": "zesystem-cdn",
  "lockfileVersion": 2,
  "requires": true,
  "packages": {
    "": {
      "dependencies": {
        "dotenv": "^16.0.3",
        "json-to-css": "^0.1.0",
        "viewport-size": "^0.0.1"
      }
    },
    "node_modules/dotenv": {
      "version": "16.0.3",
      "license": "BSD-2-Clause",
      "engines": {
        "node": ">=12"
      }
    },
    "node_modules/json-to-css": {
      "version": "0.1.0",
      "license": "MIT"
    },
    "node_modules/viewport-size": {
      "version": "0.0.1",
      "license": "ISC"
    }
  },
  "dependencies": {
    "dotenv": {
      "version": "16.0.3"
    },
    "json-to-css": {
      "version": "0.1.0"
    },
    "viewport-size": {
      "version": "0.0.1"
    }
  }
}
